{
  "name": "openclaw-plugin-byteplus-sandbox",
  "version": "0.1.0",
  "lockfileVersion": 3,
  "requires": true,
  "packages": {
    "": {
      "name": "openclaw-plugin-byteplus-sandbox",
      "version": "0.1.0",
      "license": "MIT",
      "peerDependencies": {
        "openclaw": ">=2026.3.22"
      },
      "peerDependenciesMeta": {
        "openclaw": {
          "optional": true
        }
      }
    }
  }
}
